
Microsoft Visual Studio Solution File, Format Version 12.00
# Visual Studio Version 16
VisualStudioVersion = 16.0.30711.63
MinimumVisualStudioVersion = 10.0.40219.1
Project("{FAE04EC0-301F-11D3-BF4B-00C04F79EFBC}") = "Um", "Um\Um.csproj", "{7254032D-11D7-4468-B0EC-8DCBECDA9408}"
EndProject
Global
	GlobalSection(SolutionConfigurationPlatforms) = preSolution
		Debug|Any CPU = Debug|Any CPU
		Release|Any CPU = Release|Any CPU
	EndGlobalSection
	GlobalSection(ProjectConfigurationPlatforms) = postSolution
		{7254032D-11D7-4468-B0EC-8DCBECDA9408}.Debug|Any CPU.ActiveCfg = Debug|Any CPU
		{7254032D-11D7-4468-B0EC-8DCBECDA9408}.Debug|Any CPU.Build.0 = Debug|Any CPU
		{7254032D-11D7-4468-B0EC-8DCBECDA9408}.Release|Any CPU.ActiveCfg = Release|Any CPU
		{7254032D-11D7-4468-B0EC-8DCBECDA9408}.Release|Any CPU.Build.0 = Release|Any CPU
	EndGlobalSection
	GlobalSection(SolutionProperties) = preSolution
		HideSolutionNode = FALSE
	EndGlobalSection
	GlobalSection(ExtensibilityGlobals) = postSolution
		SolutionGuid = {BE9B2E48-8B54-421C-894D-274FB49FA4E8}
	EndGlobalSection
EndGlobal
