
Microsoft Visual Studio Solution File, Format Version 12.00
# Visual Studio Version 16
VisualStudioVersion = 16.0.30711.63
MinimumVisualStudioVersion = 10.0.40219.1
Project("{FAE04EC0-301F-11D3-BF4B-00C04F79EFBC}") = "CincoEx", "CincoEx\CincoEx.csproj", "{53BD3169-05BB-4312-BAA9-3159573A266E}"
EndProject
Global
	GlobalSection(SolutionConfigurationPlatforms) = preSolution
		Debug|Any CPU = Debug|Any CPU
		Release|Any CPU = Release|Any CPU
	EndGlobalSection
	GlobalSection(ProjectConfigurationPlatforms) = postSolution
		{53BD3169-05BB-4312-BAA9-3159573A266E}.Debug|Any CPU.ActiveCfg = Debug|Any CPU
		{53BD3169-05BB-4312-BAA9-3159573A266E}.Debug|Any CPU.Build.0 = Debug|Any CPU
		{53BD3169-05BB-4312-BAA9-3159573A266E}.Release|Any CPU.ActiveCfg = Release|Any CPU
		{53BD3169-05BB-4312-BAA9-3159573A266E}.Release|Any CPU.Build.0 = Release|Any CPU
	EndGlobalSection
	GlobalSection(SolutionProperties) = preSolution
		HideSolutionNode = FALSE
	EndGlobalSection
	GlobalSection(ExtensibilityGlobals) = postSolution
		SolutionGuid = {4BC5D5BB-19BF-48F9-AFAD-5D482EC0B59A}
	EndGlobalSection
EndGlobal
