
Microsoft Visual Studio Solution File, Format Version 12.00
# Visual Studio Version 16
VisualStudioVersion = 16.0.30711.63
MinimumVisualStudioVersion = 10.0.40219.1
Project("{FAE04EC0-301F-11D3-BF4B-00C04F79EFBC}") = "Seis", "Seis\Seis.csproj", "{43DC1749-1AE3-44FD-B78A-AA7CA1CED01C}"
EndProject
Global
	GlobalSection(SolutionConfigurationPlatforms) = preSolution
		Debug|Any CPU = Debug|Any CPU
		Release|Any CPU = Release|Any CPU
	EndGlobalSection
	GlobalSection(ProjectConfigurationPlatforms) = postSolution
		{43DC1749-1AE3-44FD-B78A-AA7CA1CED01C}.Debug|Any CPU.ActiveCfg = Debug|Any CPU
		{43DC1749-1AE3-44FD-B78A-AA7CA1CED01C}.Debug|Any CPU.Build.0 = Debug|Any CPU
		{43DC1749-1AE3-44FD-B78A-AA7CA1CED01C}.Release|Any CPU.ActiveCfg = Release|Any CPU
		{43DC1749-1AE3-44FD-B78A-AA7CA1CED01C}.Release|Any CPU.Build.0 = Release|Any CPU
	EndGlobalSection
	GlobalSection(SolutionProperties) = preSolution
		HideSolutionNode = FALSE
	EndGlobalSection
	GlobalSection(ExtensibilityGlobals) = postSolution
		SolutionGuid = {D67636AB-4360-45DC-9DF9-E42E8FD98AB1}
	EndGlobalSection
EndGlobal
