
Microsoft Visual Studio Solution File, Format Version 12.00
# Visual Studio Version 16
VisualStudioVersion = 16.0.30711.63
MinimumVisualStudioVersion = 10.0.40219.1
Project("{FAE04EC0-301F-11D3-BF4B-00C04F79EFBC}") = "Onze", "Onze\Onze.csproj", "{C0A40E5F-A596-4BC2-8432-0B7202D9E702}"
EndProject
Global
	GlobalSection(SolutionConfigurationPlatforms) = preSolution
		Debug|Any CPU = Debug|Any CPU
		Release|Any CPU = Release|Any CPU
	EndGlobalSection
	GlobalSection(ProjectConfigurationPlatforms) = postSolution
		{C0A40E5F-A596-4BC2-8432-0B7202D9E702}.Debug|Any CPU.ActiveCfg = Debug|Any CPU
		{C0A40E5F-A596-4BC2-8432-0B7202D9E702}.Debug|Any CPU.Build.0 = Debug|Any CPU
		{C0A40E5F-A596-4BC2-8432-0B7202D9E702}.Release|Any CPU.ActiveCfg = Release|Any CPU
		{C0A40E5F-A596-4BC2-8432-0B7202D9E702}.Release|Any CPU.Build.0 = Release|Any CPU
	EndGlobalSection
	GlobalSection(SolutionProperties) = preSolution
		HideSolutionNode = FALSE
	EndGlobalSection
	GlobalSection(ExtensibilityGlobals) = postSolution
		SolutionGuid = {70139FEF-CBB6-48E0-A5AD-02F7F00C9415}
	EndGlobalSection
EndGlobal
