
Microsoft Visual Studio Solution File, Format Version 12.00
# Visual Studio Version 16
VisualStudioVersion = 16.0.30711.63
MinimumVisualStudioVersion = 10.0.40219.1
Project("{FAE04EC0-301F-11D3-BF4B-00C04F79EFBC}") = "Oito", "Oito\Oito.csproj", "{270E4E41-3730-49CF-B38F-46DA84471EE2}"
EndProject
Global
	GlobalSection(SolutionConfigurationPlatforms) = preSolution
		Debug|Any CPU = Debug|Any CPU
		Release|Any CPU = Release|Any CPU
	EndGlobalSection
	GlobalSection(ProjectConfigurationPlatforms) = postSolution
		{270E4E41-3730-49CF-B38F-46DA84471EE2}.Debug|Any CPU.ActiveCfg = Debug|Any CPU
		{270E4E41-3730-49CF-B38F-46DA84471EE2}.Debug|Any CPU.Build.0 = Debug|Any CPU
		{270E4E41-3730-49CF-B38F-46DA84471EE2}.Release|Any CPU.ActiveCfg = Release|Any CPU
		{270E4E41-3730-49CF-B38F-46DA84471EE2}.Release|Any CPU.Build.0 = Release|Any CPU
	EndGlobalSection
	GlobalSection(SolutionProperties) = preSolution
		HideSolutionNode = FALSE
	EndGlobalSection
	GlobalSection(ExtensibilityGlobals) = postSolution
		SolutionGuid = {029A950C-DC87-4AD3-B35C-DDC40F3B12D5}
	EndGlobalSection
EndGlobal
